
Microsoft Visual Studio Solution File, Format Version 12.00
# Visual Studio Version 16
VisualStudioVersion = 16.0.32126.315
MinimumVisualStudioVersion = 10.0.40219.1
Project("{FAE04EC0-301F-11D3-BF4B-00C04F79EFBC}") = "MVCTitle45MCA", "MVCTitle45MCA.csproj", "{0666B5F6-79C6-4D62-94E6-299B70579F7D}"
EndProject
Global
	GlobalSection(SolutionConfigurationPlatforms) = preSolution
		Debug|Any CPU = Debug|Any CPU
		Release|Any CPU = Release|Any CPU
	EndGlobalSection
	GlobalSection(ProjectConfigurationPlatforms) = postSolution
		{0666B5F6-79C6-4D62-94E6-299B70579F7D}.Debug|Any CPU.ActiveCfg = Debug|Any CPU
		{0666B5F6-79C6-4D62-94E6-299B70579F7D}.Debug|Any CPU.Build.0 = Debug|Any CPU
		{0666B5F6-79C6-4D62-94E6-299B70579F7D}.Release|Any CPU.ActiveCfg = Release|Any CPU
		{0666B5F6-79C6-4D62-94E6-299B70579F7D}.Release|Any CPU.Build.0 = Release|Any CPU
	EndGlobalSection
	GlobalSection(SolutionProperties) = preSolution
		HideSolutionNode = FALSE
	EndGlobalSection
	GlobalSection(ExtensibilityGlobals) = postSolution
		SolutionGuid = {93185712-BF77-42BA-ADBB-B351C9B6DF70}
	EndGlobalSection
EndGlobal
