
Microsoft Visual Studio Solution File, Format Version 12.00
# Visual Studio Version 16
VisualStudioVersion = 16.0.31729.503
MinimumVisualStudioVersion = 10.0.40219.1
Project("{FAE04EC0-301F-11D3-BF4B-00C04F79EFBC}") = "FinalProjectHausler", "TestMarten\FinalProjectHausler.csproj", "{BAD525E2-1FD4-4C11-937E-6BCEA0F5ADA5}"
EndProject
Global
	GlobalSection(SolutionConfigurationPlatforms) = preSolution
		Debug|Any CPU = Debug|Any CPU
		Release|Any CPU = Release|Any CPU
	EndGlobalSection
	GlobalSection(ProjectConfigurationPlatforms) = postSolution
		{BAD525E2-1FD4-4C11-937E-6BCEA0F5ADA5}.Debug|Any CPU.ActiveCfg = Debug|Any CPU
		{BAD525E2-1FD4-4C11-937E-6BCEA0F5ADA5}.Debug|Any CPU.Build.0 = Debug|Any CPU
		{BAD525E2-1FD4-4C11-937E-6BCEA0F5ADA5}.Release|Any CPU.ActiveCfg = Release|Any CPU
		{BAD525E2-1FD4-4C11-937E-6BCEA0F5ADA5}.Release|Any CPU.Build.0 = Release|Any CPU
	EndGlobalSection
	GlobalSection(SolutionProperties) = preSolution
		HideSolutionNode = FALSE
	EndGlobalSection
	GlobalSection(ExtensibilityGlobals) = postSolution
		SolutionGuid = {FD9182C9-E7E0-400D-A8CB-949212D41464}
	EndGlobalSection
EndGlobal
